<?xml version="1.0" encoding="utf-8"?>
<Project ToolsVersion="4.0" xmlns="http://schemas.microsoft.com/developer/msbuild/2003">
  <ItemGroup>
    <Filter Include="Hazmat">
      <UniqueIdentifier>{CA7DF2B6-B61F-1D8D-9FDA-30E18B1BA4DD}</UniqueIdentifier>
    </Filter>
    <Filter Include="Hazmat\Events">
      <UniqueIdentifier>{6E820B8F-DA42-87C5-A37D-D0420FFDCBA1}</UniqueIdentifier>
    </Filter>
    <Filter Include="Hazmat\ImGui">
      <UniqueIdentifier>{74A29804-6005-28A9-098B-605FF5CCF32B}</UniqueIdentifier>
    </Filter>
    <Filter Include="Platform">
      <UniqueIdentifier>{2AC788B4-1694-E3BF-3FAD-D1672BD9184E}</UniqueIdentifier>
    </Filter>
    <Filter Include="Platform\OpenGL">
      <UniqueIdentifier>{1E7D2C1D-8A08-9AE1-9319-1DD6FF23F6E1}</UniqueIdentifier>
    </Filter>
    <Filter Include="Platform\Windows">
      <UniqueIdentifier>{64FBD71A-50F4-F66C-7926-DCF1657ED678}</UniqueIdentifier>
    </Filter>
  </ItemGroup>
  <ItemGroup>
    <ClInclude Include="src\Hazmat\Application.h">
      <Filter>Hazmat</Filter>
    </ClInclude>
    <ClInclude Include="src\Hazmat\Core.h">
      <Filter>Hazmat</Filter>
    </ClInclude>
    <ClInclude Include="src\Hazmat\EntryPoint.h">
      <Filter>Hazmat</Filter>
    </ClInclude>
    <ClInclude Include="src\Hazmat\Events\ApplicationEvent.h">
      <Filter>Hazmat\Events</Filter>
    </ClInclude>
    <ClInclude Include="src\Hazmat\Events\Event.h">
      <Filter>Hazmat\Events</Filter>
    </ClInclude>
    <ClInclude Include="src\Hazmat\Events\KeyEvent.h">
      <Filter>Hazmat\Events</Filter>
    </ClInclude>
    <ClInclude Include="src\Hazmat\Events\MouseEvent.h">
      <Filter>Hazmat\Events</Filter>
    </ClInclude>
    <ClInclude Include="src\Hazmat\ImGui\ImGuiLayer.h">
      <Filter>Hazmat\ImGui</Filter>
    </ClInclude>
    <ClInclude Include="src\Hazmat\Input.h">
      <Filter>Hazmat</Filter>
    </ClInclude>
    <ClInclude Include="src\Hazmat\Keycodes.h">
      <Filter>Hazmat</Filter>
    </ClInclude>
    <ClInclude Include="src\Hazmat\Layer.h">
      <Filter>Hazmat</Filter>
    </ClInclude>
    <ClInclude Include="src\Hazmat\LayerStack.h">
      <Filter>Hazmat</Filter>
    </ClInclude>
    <ClInclude Include="src\Hazmat\Log.h">
      <Filter>Hazmat</Filter>
    </ClInclude>
    <ClInclude Include="src\Hazmat\MouseButtonCodes.h">
      <Filter>Hazmat</Filter>
    </ClInclude>
    <ClInclude Include="src\Hazmat\Window.h">
      <Filter>Hazmat</Filter>
    </ClInclude>
    <ClInclude Include="src\HazmatEngine.h" />
    <ClInclude Include="src\Platform\OpenGL\ImGuiOpenGLRenderer.h">
      <Filter>Platform\OpenGL</Filter>
    </ClInclude>
    <ClInclude Include="src\Platform\Windows\WindowsInput.h">
      <Filter>Platform\Windows</Filter>
    </ClInclude>
    <ClInclude Include="src\Platform\Windows\WindowsWindow.h">
      <Filter>Platform\Windows</Filter>
    </ClInclude>
    <ClInclude Include="src\hmpch.h" />
  </ItemGroup>
  <ItemGroup>
    <ClCompile Include="src\Hazmat\Application.cpp">
      <Filter>Hazmat</Filter>
    </ClCompile>
    <ClCompile Include="src\Hazmat\ImGui\ImGuiLayer.cpp">
      <Filter>Hazmat\ImGui</Filter>
    </ClCompile>
    <ClCompile Include="src\Hazmat\Layer.cpp">
      <Filter>Hazmat</Filter>
    </ClCompile>
    <ClCompile Include="src\Hazmat\LayerStack.cpp">
      <Filter>Hazmat</Filter>
    </ClCompile>
    <ClCompile Include="src\Hazmat\Log.cpp">
      <Filter>Hazmat</Filter>
    </ClCompile>
    <ClCompile Include="src\Platform\OpenGL\ImGuiOpenGLRenderer.cpp">
      <Filter>Platform\OpenGL</Filter>
    </ClCompile>
    <ClCompile Include="src\Platform\Windows\WindowsInput.cpp">
      <Filter>Platform\Windows</Filter>
    </ClCompile>
    <ClCompile Include="src\Platform\Windows\WindowsWindow.cpp">
      <Filter>Platform\Windows</Filter>
    </ClCompile>
    <ClCompile Include="src\hmpch.cpp" />
  </ItemGroup>
</Project>